
Microsoft Visual Studio Solution File, Format Version 12.00
# Visual Studio Version 17
VisualStudioVersion = 17.4.33122.133
MinimumVisualStudioVersion = 10.0.40219.1
Project("{FAE04EC0-301F-11D3-BF4B-00C04F79EFBC}") = "User_Registration", "User_Registration\User_Registration.csproj", "{ABC03BC9-96CF-4A0D-98DD-E5C41945A205}"
EndProject
Global
	GlobalSection(SolutionConfigurationPlatforms) = preSolution
		Debug|Any CPU = Debug|Any CPU
		Release|Any CPU = Release|Any CPU
	EndGlobalSection
	GlobalSection(ProjectConfigurationPlatforms) = postSolution
		{ABC03BC9-96CF-4A0D-98DD-E5C41945A205}.Debug|Any CPU.ActiveCfg = Debug|Any CPU
		{ABC03BC9-96CF-4A0D-98DD-E5C41945A205}.Debug|Any CPU.Build.0 = Debug|Any CPU
		{ABC03BC9-96CF-4A0D-98DD-E5C41945A205}.Release|Any CPU.ActiveCfg = Release|Any CPU
		{ABC03BC9-96CF-4A0D-98DD-E5C41945A205}.Release|Any CPU.Build.0 = Release|Any CPU
	EndGlobalSection
	GlobalSection(SolutionProperties) = preSolution
		HideSolutionNode = FALSE
	EndGlobalSection
	GlobalSection(ExtensibilityGlobals) = postSolution
		SolutionGuid = {A142C6CE-10DD-4E92-9FAA-7A2B38691B9C}
	EndGlobalSection
EndGlobal
